
Microsoft Visual Studio Solution File, Format Version 12.00
# Visual Studio Version 17
VisualStudioVersion = 17.0.32126.317
MinimumVisualStudioVersion = 10.0.40219.1
Project("{8BC9CEB8-8B4A-11D0-8D11-00A0C91BC942}") = "helloWorld", "mytrialC.vcxproj", "{7C66BDE1-AAD6-4EC2-B966-72D608262C06}"
EndProject
Project("{8BC9CEB8-8B4A-11D0-8D11-00A0C91BC942}") = "myArray", "myArray\myArray.vcxproj", "{A50CBD69-096E-4E1F-8ECE-BB42E59F400F}"
EndProject
Project("{8BC9CEB8-8B4A-11D0-8D11-00A0C91BC942}") = "Increment", "Increment\Increment.vcxproj", "{F59578EC-7AD1-488E-BDEB-57442A14207D}"
EndProject
Project("{8BC9CEB8-8B4A-11D0-8D11-00A0C91BC942}") = "myAssign", "myAssign\myAssign.vcxproj", "{271BE2C7-70AA-4013-9D0E-40DEC4F84EC3}"
EndProject
Project("{8BC9CEB8-8B4A-11D0-8D11-00A0C91BC942}") = "myMatrix", "myMatrix\myMatrix.vcxproj", "{1C04D1C5-884D-4AFD-9FC8-33372EDF660C}"
EndProject
Project("{8BC9CEB8-8B4A-11D0-8D11-00A0C91BC942}") = "myScopeExercise", "myScopeExercise\myScopeExercise.vcxproj", "{BD8B54B1-83D1-4B44-9F12-7CB48C6031E6}"
EndProject
Project("{8BC9CEB8-8B4A-11D0-8D11-00A0C91BC942}") = "mySwap", "mySwap\mySwap.vcxproj", "{9B6B4E35-EFC4-4AFE-9C36-C212EBA59C38}"
EndProject
Project("{8BC9CEB8-8B4A-11D0-8D11-00A0C91BC942}") = "strSearchTest", "strSearchTest\strSearchTest.vcxproj", "{F84E2193-4F75-4612-B170-5EA47458A458}"
EndProject
Project("{8BC9CEB8-8B4A-11D0-8D11-00A0C91BC942}") = "stringTokenizer", "stringTokenizer\stringTokenizer.vcxproj", "{AE4AB186-CD71-450A-8FA7-56F6A76C4F95}"
EndProject
Project("{8BC9CEB8-8B4A-11D0-8D11-00A0C91BC942}") = "formattedInputExample", "formattedInputExample\formattedInputExample.vcxproj", "{5151E972-4B0F-45C1-8A30-18AD4FE86523}"
EndProject
Project("{8BC9CEB8-8B4A-11D0-8D11-00A0C91BC942}") = "primeTest", "primeTest\primeTest.vcxproj", "{482D9F66-CA66-4D5E-B754-C5A0E105ED99}"
EndProject
Project("{8BC9CEB8-8B4A-11D0-8D11-00A0C91BC942}") = "timeExample", "timeExample\timeExample.vcxproj", "{ED0FFD93-263D-4B39-88C8-60C571FBB7FF}"
EndProject
Project("{8BC9CEB8-8B4A-11D0-8D11-00A0C91BC942}") = "bfpe1-swap", "bfpe1-swap\bfpe1-swap.vcxproj", "{A7A44EE6-5586-4DE8-A866-A73B9E2A1F56}"
EndProject
Project("{8BC9CEB8-8B4A-11D0-8D11-00A0C91BC942}") = "bfpe2-grades", "bfpe2-grades\bfpe2-grades.vcxproj", "{0D30B17B-1480-4FA8-9047-7DA6BC75EA62}"
EndProject
Project("{8BC9CEB8-8B4A-11D0-8D11-00A0C91BC942}") = "testProject", "testProject\testProject.vcxproj", "{144DE908-EABD-4381-B8C7-B6EB59B25413}"
EndProject
Project("{8BC9CEB8-8B4A-11D0-8D11-00A0C91BC942}") = "bfpe4-area", "bfpe4-area\bfpe4-area.vcxproj", "{BF4EE9C7-A7D9-4569-B4BF-961EE3AC408A}"
EndProject
Project("{8BC9CEB8-8B4A-11D0-8D11-00A0C91BC942}") = "bfpe6-laptopTax", "bfpe6-laptopTax\bfpe6-laptopTax.vcxproj", "{723B13C6-042F-47B2-8F07-62C00DA54930}"
EndProject
Project("{8BC9CEB8-8B4A-11D0-8D11-00A0C91BC942}") = "tryingOperators", "..\Users\Doğan\source\repos\tryingOperators\tryingOperators.vcxproj", "{A6F54FEF-8E69-4CD6-9ACE-A648D4F2C756}"
EndProject
Project("{8BC9CEB8-8B4A-11D0-8D11-00A0C91BC942}") = "tryingOperators2", "tryingOperators2\tryingOperators2.vcxproj", "{4C24CFB9-6762-4EBE-95AD-208CBAAB9C3D}"
EndProject
Global
	GlobalSection(SolutionConfigurationPlatforms) = preSolution
		Debug|x64 = Debug|x64
		Debug|x86 = Debug|x86
		Release|x64 = Release|x64
		Release|x86 = Release|x86
	EndGlobalSection
	GlobalSection(ProjectConfigurationPlatforms) = postSolution
		{7C66BDE1-AAD6-4EC2-B966-72D608262C06}.Debug|x64.ActiveCfg = Debug|x64
		{7C66BDE1-AAD6-4EC2-B966-72D608262C06}.Debug|x64.Build.0 = Debug|x64
		{7C66BDE1-AAD6-4EC2-B966-72D608262C06}.Debug|x86.ActiveCfg = Debug|Win32
		{7C66BDE1-AAD6-4EC2-B966-72D608262C06}.Debug|x86.Build.0 = Debug|Win32
		{7C66BDE1-AAD6-4EC2-B966-72D608262C06}.Release|x64.ActiveCfg = Release|x64
		{7C66BDE1-AAD6-4EC2-B966-72D608262C06}.Release|x64.Build.0 = Release|x64
		{7C66BDE1-AAD6-4EC2-B966-72D608262C06}.Release|x86.ActiveCfg = Release|Win32
		{7C66BDE1-AAD6-4EC2-B966-72D608262C06}.Release|x86.Build.0 = Release|Win32
		{A50CBD69-096E-4E1F-8ECE-BB42E59F400F}.Debug|x64.ActiveCfg = Debug|x64
		{A50CBD69-096E-4E1F-8ECE-BB42E59F400F}.Debug|x64.Build.0 = Debug|x64
		{A50CBD69-096E-4E1F-8ECE-BB42E59F400F}.Debug|x86.ActiveCfg = Debug|Win32
		{A50CBD69-096E-4E1F-8ECE-BB42E59F400F}.Debug|x86.Build.0 = Debug|Win32
		{A50CBD69-096E-4E1F-8ECE-BB42E59F400F}.Release|x64.ActiveCfg = Release|x64
		{A50CBD69-096E-4E1F-8ECE-BB42E59F400F}.Release|x64.Build.0 = Release|x64
		{A50CBD69-096E-4E1F-8ECE-BB42E59F400F}.Release|x86.ActiveCfg = Release|Win32
		{A50CBD69-096E-4E1F-8ECE-BB42E59F400F}.Release|x86.Build.0 = Release|Win32
		{F59578EC-7AD1-488E-BDEB-57442A14207D}.Debug|x64.ActiveCfg = Debug|x64
		{F59578EC-7AD1-488E-BDEB-57442A14207D}.Debug|x64.Build.0 = Debug|x64
		{F59578EC-7AD1-488E-BDEB-57442A14207D}.Debug|x86.ActiveCfg = Debug|Win32
		{F59578EC-7AD1-488E-BDEB-57442A14207D}.Debug|x86.Build.0 = Debug|Win32
		{F59578EC-7AD1-488E-BDEB-57442A14207D}.Release|x64.ActiveCfg = Release|x64
		{F59578EC-7AD1-488E-BDEB-57442A14207D}.Release|x64.Build.0 = Release|x64
		{F59578EC-7AD1-488E-BDEB-57442A14207D}.Release|x86.ActiveCfg = Release|Win32
		{F59578EC-7AD1-488E-BDEB-57442A14207D}.Release|x86.Build.0 = Release|Win32
		{271BE2C7-70AA-4013-9D0E-40DEC4F84EC3}.Debug|x64.ActiveCfg = Debug|x64
		{271BE2C7-70AA-4013-9D0E-40DEC4F84EC3}.Debug|x64.Build.0 = Debug|x64
		{271BE2C7-70AA-4013-9D0E-40DEC4F84EC3}.Debug|x86.ActiveCfg = Debug|Win32
		{271BE2C7-70AA-4013-9D0E-40DEC4F84EC3}.Debug|x86.Build.0 = Debug|Win32
		{271BE2C7-70AA-4013-9D0E-40DEC4F84EC3}.Release|x64.ActiveCfg = Release|x64
		{271BE2C7-70AA-4013-9D0E-40DEC4F84EC3}.Release|x64.Build.0 = Release|x64
		{271BE2C7-70AA-4013-9D0E-40DEC4F84EC3}.Release|x86.ActiveCfg = Release|Win32
		{271BE2C7-70AA-4013-9D0E-40DEC4F84EC3}.Release|x86.Build.0 = Release|Win32
		{1C04D1C5-884D-4AFD-9FC8-33372EDF660C}.Debug|x64.ActiveCfg = Debug|x64
		{1C04D1C5-884D-4AFD-9FC8-33372EDF660C}.Debug|x64.Build.0 = Debug|x64
		{1C04D1C5-884D-4AFD-9FC8-33372EDF660C}.Debug|x86.ActiveCfg = Debug|Win32
		{1C04D1C5-884D-4AFD-9FC8-33372EDF660C}.Debug|x86.Build.0 = Debug|Win32
		{1C04D1C5-884D-4AFD-9FC8-33372EDF660C}.Release|x64.ActiveCfg = Release|x64
		{1C04D1C5-884D-4AFD-9FC8-33372EDF660C}.Release|x64.Build.0 = Release|x64
		{1C04D1C5-884D-4AFD-9FC8-33372EDF660C}.Release|x86.ActiveCfg = Release|Win32
		{1C04D1C5-884D-4AFD-9FC8-33372EDF660C}.Release|x86.Build.0 = Release|Win32
		{BD8B54B1-83D1-4B44-9F12-7CB48C6031E6}.Debug|x64.ActiveCfg = Debug|x64
		{BD8B54B1-83D1-4B44-9F12-7CB48C6031E6}.Debug|x64.Build.0 = Debug|x64
		{BD8B54B1-83D1-4B44-9F12-7CB48C6031E6}.Debug|x86.ActiveCfg = Debug|Win32
		{BD8B54B1-83D1-4B44-9F12-7CB48C6031E6}.Debug|x86.Build.0 = Debug|Win32
		{BD8B54B1-83D1-4B44-9F12-7CB48C6031E6}.Release|x64.ActiveCfg = Release|x64
		{BD8B54B1-83D1-4B44-9F12-7CB48C6031E6}.Release|x64.Build.0 = Release|x64
		{BD8B54B1-83D1-4B44-9F12-7CB48C6031E6}.Release|x86.ActiveCfg = Release|Win32
		{BD8B54B1-83D1-4B44-9F12-7CB48C6031E6}.Release|x86.Build.0 = Release|Win32
		{9B6B4E35-EFC4-4AFE-9C36-C212EBA59C38}.Debug|x64.ActiveCfg = Debug|x64
		{9B6B4E35-EFC4-4AFE-9C36-C212EBA59C38}.Debug|x64.Build.0 = Debug|x64
		{9B6B4E35-EFC4-4AFE-9C36-C212EBA59C38}.Debug|x86.ActiveCfg = Debug|Win32
		{9B6B4E35-EFC4-4AFE-9C36-C212EBA59C38}.Debug|x86.Build.0 = Debug|Win32
		{9B6B4E35-EFC4-4AFE-9C36-C212EBA59C38}.Release|x64.ActiveCfg = Release|x64
		{9B6B4E35-EFC4-4AFE-9C36-C212EBA59C38}.Release|x64.Build.0 = Release|x64
		{9B6B4E35-EFC4-4AFE-9C36-C212EBA59C38}.Release|x86.ActiveCfg = Release|Win32
		{9B6B4E35-EFC4-4AFE-9C36-C212EBA59C38}.Release|x86.Build.0 = Release|Win32
		{F84E2193-4F75-4612-B170-5EA47458A458}.Debug|x64.ActiveCfg = Debug|x64
		{F84E2193-4F75-4612-B170-5EA47458A458}.Debug|x64.Build.0 = Debug|x64
		{F84E2193-4F75-4612-B170-5EA47458A458}.Debug|x86.ActiveCfg = Debug|Win32
		{F84E2193-4F75-4612-B170-5EA47458A458}.Debug|x86.Build.0 = Debug|Win32
		{F84E2193-4F75-4612-B170-5EA47458A458}.Release|x64.ActiveCfg = Release|x64
		{F84E2193-4F75-4612-B170-5EA47458A458}.Release|x64.Build.0 = Release|x64
		{F84E2193-4F75-4612-B170-5EA47458A458}.Release|x86.ActiveCfg = Release|Win32
		{F84E2193-4F75-4612-B170-5EA47458A458}.Release|x86.Build.0 = Release|Win32
		{AE4AB186-CD71-450A-8FA7-56F6A76C4F95}.Debug|x64.ActiveCfg = Debug|x64
		{AE4AB186-CD71-450A-8FA7-56F6A76C4F95}.Debug|x64.Build.0 = Debug|x64
		{AE4AB186-CD71-450A-8FA7-56F6A76C4F95}.Debug|x86.ActiveCfg = Debug|Win32
		{AE4AB186-CD71-450A-8FA7-56F6A76C4F95}.Debug|x86.Build.0 = Debug|Win32
		{AE4AB186-CD71-450A-8FA7-56F6A76C4F95}.Release|x64.ActiveCfg = Release|x64
		{AE4AB186-CD71-450A-8FA7-56F6A76C4F95}.Release|x64.Build.0 = Release|x64
		{AE4AB186-CD71-450A-8FA7-56F6A76C4F95}.Release|x86.ActiveCfg = Release|Win32
		{AE4AB186-CD71-450A-8FA7-56F6A76C4F95}.Release|x86.Build.0 = Release|Win32
		{5151E972-4B0F-45C1-8A30-18AD4FE86523}.Debug|x64.ActiveCfg = Debug|x64
		{5151E972-4B0F-45C1-8A30-18AD4FE86523}.Debug|x64.Build.0 = Debug|x64
		{5151E972-4B0F-45C1-8A30-18AD4FE86523}.Debug|x86.ActiveCfg = Debug|Win32
		{5151E972-4B0F-45C1-8A30-18AD4FE86523}.Debug|x86.Build.0 = Debug|Win32
		{5151E972-4B0F-45C1-8A30-18AD4FE86523}.Release|x64.ActiveCfg = Release|x64
		{5151E972-4B0F-45C1-8A30-18AD4FE86523}.Release|x64.Build.0 = Release|x64
		{5151E972-4B0F-45C1-8A30-18AD4FE86523}.Release|x86.ActiveCfg = Release|Win32
		{5151E972-4B0F-45C1-8A30-18AD4FE86523}.Release|x86.Build.0 = Release|Win32
		{482D9F66-CA66-4D5E-B754-C5A0E105ED99}.Debug|x64.ActiveCfg = Debug|x64
		{482D9F66-CA66-4D5E-B754-C5A0E105ED99}.Debug|x64.Build.0 = Debug|x64
		{482D9F66-CA66-4D5E-B754-C5A0E105ED99}.Debug|x86.ActiveCfg = Debug|Win32
		{482D9F66-CA66-4D5E-B754-C5A0E105ED99}.Debug|x86.Build.0 = Debug|Win32
		{482D9F66-CA66-4D5E-B754-C5A0E105ED99}.Release|x64.ActiveCfg = Release|x64
		{482D9F66-CA66-4D5E-B754-C5A0E105ED99}.Release|x64.Build.0 = Release|x64
		{482D9F66-CA66-4D5E-B754-C5A0E105ED99}.Release|x86.ActiveCfg = Release|Win32
		{482D9F66-CA66-4D5E-B754-C5A0E105ED99}.Release|x86.Build.0 = Release|Win32
		{ED0FFD93-263D-4B39-88C8-60C571FBB7FF}.Debug|x64.ActiveCfg = Debug|x64
		{ED0FFD93-263D-4B39-88C8-60C571FBB7FF}.Debug|x64.Build.0 = Debug|x64
		{ED0FFD93-263D-4B39-88C8-60C571FBB7FF}.Debug|x86.ActiveCfg = Debug|Win32
		{ED0FFD93-263D-4B39-88C8-60C571FBB7FF}.Debug|x86.Build.0 = Debug|Win32
		{ED0FFD93-263D-4B39-88C8-60C571FBB7FF}.Release|x64.ActiveCfg = Release|x64
		{ED0FFD93-263D-4B39-88C8-60C571FBB7FF}.Release|x64.Build.0 = Release|x64
		{ED0FFD93-263D-4B39-88C8-60C571FBB7FF}.Release|x86.ActiveCfg = Release|Win32
		{ED0FFD93-263D-4B39-88C8-60C571FBB7FF}.Release|x86.Build.0 = Release|Win32
		{A7A44EE6-5586-4DE8-A866-A73B9E2A1F56}.Debug|x64.ActiveCfg = Debug|x64
		{A7A44EE6-5586-4DE8-A866-A73B9E2A1F56}.Debug|x64.Build.0 = Debug|x64
		{A7A44EE6-5586-4DE8-A866-A73B9E2A1F56}.Debug|x86.ActiveCfg = Debug|Win32
		{A7A44EE6-5586-4DE8-A866-A73B9E2A1F56}.Debug|x86.Build.0 = Debug|Win32
		{A7A44EE6-5586-4DE8-A866-A73B9E2A1F56}.Release|x64.ActiveCfg = Release|x64
		{A7A44EE6-5586-4DE8-A866-A73B9E2A1F56}.Release|x64.Build.0 = Release|x64
		{A7A44EE6-5586-4DE8-A866-A73B9E2A1F56}.Release|x86.ActiveCfg = Release|Win32
		{A7A44EE6-5586-4DE8-A866-A73B9E2A1F56}.Release|x86.Build.0 = Release|Win32
		{0D30B17B-1480-4FA8-9047-7DA6BC75EA62}.Debug|x64.ActiveCfg = Debug|x64
		{0D30B17B-1480-4FA8-9047-7DA6BC75EA62}.Debug|x64.Build.0 = Debug|x64
		{0D30B17B-1480-4FA8-9047-7DA6BC75EA62}.Debug|x86.ActiveCfg = Debug|Win32
		{0D30B17B-1480-4FA8-9047-7DA6BC75EA62}.Debug|x86.Build.0 = Debug|Win32
		{0D30B17B-1480-4FA8-9047-7DA6BC75EA62}.Release|x64.ActiveCfg = Release|x64
		{0D30B17B-1480-4FA8-9047-7DA6BC75EA62}.Release|x64.Build.0 = Release|x64
		{0D30B17B-1480-4FA8-9047-7DA6BC75EA62}.Release|x86.ActiveCfg = Release|Win32
		{0D30B17B-1480-4FA8-9047-7DA6BC75EA62}.Release|x86.Build.0 = Release|Win32
		{144DE908-EABD-4381-B8C7-B6EB59B25413}.Debug|x64.ActiveCfg = Debug|x64
		{144DE908-EABD-4381-B8C7-B6EB59B25413}.Debug|x64.Build.0 = Debug|x64
		{144DE908-EABD-4381-B8C7-B6EB59B25413}.Debug|x86.ActiveCfg = Debug|Win32
		{144DE908-EABD-4381-B8C7-B6EB59B25413}.Debug|x86.Build.0 = Debug|Win32
		{144DE908-EABD-4381-B8C7-B6EB59B25413}.Release|x64.ActiveCfg = Release|x64
		{144DE908-EABD-4381-B8C7-B6EB59B25413}.Release|x64.Build.0 = Release|x64
		{144DE908-EABD-4381-B8C7-B6EB59B25413}.Release|x86.ActiveCfg = Release|Win32
		{144DE908-EABD-4381-B8C7-B6EB59B25413}.Release|x86.Build.0 = Release|Win32
		{BF4EE9C7-A7D9-4569-B4BF-961EE3AC408A}.Debug|x64.ActiveCfg = Debug|x64
		{BF4EE9C7-A7D9-4569-B4BF-961EE3AC408A}.Debug|x64.Build.0 = Debug|x64
		{BF4EE9C7-A7D9-4569-B4BF-961EE3AC408A}.Debug|x86.ActiveCfg = Debug|Win32
		{BF4EE9C7-A7D9-4569-B4BF-961EE3AC408A}.Debug|x86.Build.0 = Debug|Win32
		{BF4EE9C7-A7D9-4569-B4BF-961EE3AC408A}.Release|x64.ActiveCfg = Release|x64
		{BF4EE9C7-A7D9-4569-B4BF-961EE3AC408A}.Release|x64.Build.0 = Release|x64
		{BF4EE9C7-A7D9-4569-B4BF-961EE3AC408A}.Release|x86.ActiveCfg = Release|Win32
		{BF4EE9C7-A7D9-4569-B4BF-961EE3AC408A}.Release|x86.Build.0 = Release|Win32
		{723B13C6-042F-47B2-8F07-62C00DA54930}.Debug|x64.ActiveCfg = Debug|x64
		{723B13C6-042F-47B2-8F07-62C00DA54930}.Debug|x64.Build.0 = Debug|x64
		{723B13C6-042F-47B2-8F07-62C00DA54930}.Debug|x86.ActiveCfg = Debug|Win32
		{723B13C6-042F-47B2-8F07-62C00DA54930}.Debug|x86.Build.0 = Debug|Win32
		{723B13C6-042F-47B2-8F07-62C00DA54930}.Release|x64.ActiveCfg = Release|x64
		{723B13C6-042F-47B2-8F07-62C00DA54930}.Release|x64.Build.0 = Release|x64
		{723B13C6-042F-47B2-8F07-62C00DA54930}.Release|x86.ActiveCfg = Release|Win32
		{723B13C6-042F-47B2-8F07-62C00DA54930}.Release|x86.Build.0 = Release|Win32
		{A6F54FEF-8E69-4CD6-9ACE-A648D4F2C756}.Debug|x64.ActiveCfg = Debug|x64
		{A6F54FEF-8E69-4CD6-9ACE-A648D4F2C756}.Debug|x64.Build.0 = Debug|x64
		{A6F54FEF-8E69-4CD6-9ACE-A648D4F2C756}.Debug|x86.ActiveCfg = Debug|Win32
		{A6F54FEF-8E69-4CD6-9ACE-A648D4F2C756}.Debug|x86.Build.0 = Debug|Win32
		{A6F54FEF-8E69-4CD6-9ACE-A648D4F2C756}.Release|x64.ActiveCfg = Release|x64
		{A6F54FEF-8E69-4CD6-9ACE-A648D4F2C756}.Release|x64.Build.0 = Release|x64
		{A6F54FEF-8E69-4CD6-9ACE-A648D4F2C756}.Release|x86.ActiveCfg = Release|Win32
		{A6F54FEF-8E69-4CD6-9ACE-A648D4F2C756}.Release|x86.Build.0 = Release|Win32
		{4C24CFB9-6762-4EBE-95AD-208CBAAB9C3D}.Debug|x64.ActiveCfg = Debug|x64
		{4C24CFB9-6762-4EBE-95AD-208CBAAB9C3D}.Debug|x64.Build.0 = Debug|x64
		{4C24CFB9-6762-4EBE-95AD-208CBAAB9C3D}.Debug|x86.ActiveCfg = Debug|Win32
		{4C24CFB9-6762-4EBE-95AD-208CBAAB9C3D}.Debug|x86.Build.0 = Debug|Win32
		{4C24CFB9-6762-4EBE-95AD-208CBAAB9C3D}.Release|x64.ActiveCfg = Release|x64
		{4C24CFB9-6762-4EBE-95AD-208CBAAB9C3D}.Release|x64.Build.0 = Release|x64
		{4C24CFB9-6762-4EBE-95AD-208CBAAB9C3D}.Release|x86.ActiveCfg = Release|Win32
		{4C24CFB9-6762-4EBE-95AD-208CBAAB9C3D}.Release|x86.Build.0 = Release|Win32
	EndGlobalSection
	GlobalSection(SolutionProperties) = preSolution
		HideSolutionNode = FALSE
	EndGlobalSection
	GlobalSection(ExtensibilityGlobals) = postSolution
		SolutionGuid = {E71A7E45-BF10-40D4-A6B3-DAF761F9E1EC}
	EndGlobalSection
EndGlobal
